
Microsoft Visual Studio Solution File, Format Version 12.00
# Visual Studio Version 17
VisualStudioVersion = 17.2.32526.322
MinimumVisualStudioVersion = 10.0.40219.1
Project("{FAE04EC0-301F-11D3-BF4B-00C04F79EFBC}") = "IdentityCourse", "IdentityCourse.csproj", "{AD68D29E-F094-4D5F-B1D0-F7E2BEA6B2FF}"
EndProject
Global
	GlobalSection(SolutionConfigurationPlatforms) = preSolution
		Debug|Any CPU = Debug|Any CPU
		Release|Any CPU = Release|Any CPU
	EndGlobalSection
	GlobalSection(ProjectConfigurationPlatforms) = postSolution
		{AD68D29E-F094-4D5F-B1D0-F7E2BEA6B2FF}.Debug|Any CPU.ActiveCfg = Debug|Any CPU
		{AD68D29E-F094-4D5F-B1D0-F7E2BEA6B2FF}.Debug|Any CPU.Build.0 = Debug|Any CPU
		{AD68D29E-F094-4D5F-B1D0-F7E2BEA6B2FF}.Release|Any CPU.ActiveCfg = Release|Any CPU
		{AD68D29E-F094-4D5F-B1D0-F7E2BEA6B2FF}.Release|Any CPU.Build.0 = Release|Any CPU
	EndGlobalSection
	GlobalSection(SolutionProperties) = preSolution
		HideSolutionNode = FALSE
	EndGlobalSection
	GlobalSection(ExtensibilityGlobals) = postSolution
		SolutionGuid = {D4403F51-7EF9-4552-8DEA-F5949BE63513}
	EndGlobalSection
EndGlobal
